
Microsoft Visual Studio Solution File, Format Version 12.00
# Visual Studio Version 16
VisualStudioVersion = 16.0.30204.135
MinimumVisualStudioVersion = 10.0.40219.1
Project("{FAE04EC0-301F-11D3-BF4B-00C04F79EFBC}") = "COMM123-M2020_Lesson5-Part1", "COMM123-M2020_Lesson5-Part1\COMM123-M2020_Lesson5-Part1.csproj", "{AA5F7257-FAA7-4F53-BED5-9833022D3478}"
EndProject
Global
	GlobalSection(SolutionConfigurationPlatforms) = preSolution
		Debug|Any CPU = Debug|Any CPU
		Release|Any CPU = Release|Any CPU
	EndGlobalSection
	GlobalSection(ProjectConfigurationPlatforms) = postSolution
		{AA5F7257-FAA7-4F53-BED5-9833022D3478}.Debug|Any CPU.ActiveCfg = Debug|Any CPU
		{AA5F7257-FAA7-4F53-BED5-9833022D3478}.Debug|Any CPU.Build.0 = Debug|Any CPU
		{AA5F7257-FAA7-4F53-BED5-9833022D3478}.Release|Any CPU.ActiveCfg = Release|Any CPU
		{AA5F7257-FAA7-4F53-BED5-9833022D3478}.Release|Any CPU.Build.0 = Release|Any CPU
	EndGlobalSection
	GlobalSection(SolutionProperties) = preSolution
		HideSolutionNode = FALSE
	EndGlobalSection
	GlobalSection(ExtensibilityGlobals) = postSolution
		SolutionGuid = {3DFE2AAD-914D-4069-9DD6-1FB47D92AB03}
	EndGlobalSection
EndGlobal
